// !$*UTF8*$!
{
	archiveVersion = 1;
	classes = {
	};
	objectVersion = 48;
	objects = {

/* Begin PBXBuildFile section */
		14117B63202CC12000D1DE58 /* AppDelegate.swift in Sources */ = {isa = PBXBuildFile; fileRef = 14117B62202CC12000D1DE58 /* AppDelegate.swift */; };
		14117B65202CC12000D1DE58 /* ViewController.swift in Sources */ = {isa = PBXBuildFile; fileRef = 14117B64202CC12000D1DE58 /* ViewController.swift */; };
		14117B68202CC12000D1DE58 /* Main.storyboard in Resources */ = {isa = PBXBuildFile; fileRef = 14117B66202CC12000D1DE58 /* Main.storyboard */; };
		14117B6A202CC12000D1DE58 /* Assets.xcassets in Resources */ = {isa = PBXBuildFile; fileRef = 14117B69202CC12000D1DE58 /* Assets.xcassets */; };
		14117B6D202CC12000D1DE58 /* LaunchScreen.storyboard in Resources */ = {isa = PBXBuildFile; fileRef = 14117B6B202CC12000D1DE58 /* LaunchScreen.storyboard */; };
		14117B75202CC13200D1DE58 /* BluetoothManager.swift in Sources */ = {isa = PBXBuildFile; fileRef = 14117B74202CC13200D1DE58 /* BluetoothManager.swift */; };
		1452261F206D634500AE5225 /* MeasurementSaver.swift in Sources */ = {isa = PBXBuildFile; fileRef = 1452261E206D634500AE5225 /* MeasurementSaver.swift */; };
/* End PBXBuildFile section */

/* Begin PBXFileReference section */
		14117B5F202CC12000D1DE58 /* Watchband.app */ = {isa = PBXFileReference; explicitFileType = wrapper.application; includeInIndex = 0; path = Watchband.app; sourceTree = BUILT_PRODUCTS_DIR; };
		14117B62202CC12000D1DE58 /* AppDelegate.swift */ = {isa = PBXFileReference; lastKnownFileType = sourcecode.swift; path = AppDelegate.swift; sourceTree = "<group>"; };
		14117B64202CC12000D1DE58 /* ViewController.swift */ = {isa = PBXFileReference; lastKnownFileType = sourcecode.swift; path = ViewController.swift; sourceTree = "<group>"; };
		14117B67202CC12000D1DE58 /* Base */ = {isa = PBXFileReference; lastKnownFileType = file.storyboard; name = Base; path = Base.lproj/Main.storyboard; sourceTree = "<group>"; };
		14117B69202CC12000D1DE58 /* Assets.xcassets */ = {isa = PBXFileReference; lastKnownFileType = folder.assetcatalog; path = Assets.xcassets; sourceTree = "<group>"; };
		14117B6C202CC12000D1DE58 /* Base */ = {isa = PBXFileReference; lastKnownFileType = file.storyboard; name = Base; path = Base.lproj/LaunchScreen.storyboard; sourceTree = "<group>"; };
		14117B6E202CC12000D1DE58 /* Info.plist */ = {isa = PBXFileReference; lastKnownFileType = text.plist.xml; path = Info.plist; sourceTree = "<group>"; };
		14117B74202CC13200D1DE58 /* BluetoothManager.swift */ = {isa = PBXFileReference; lastKnownFileType = sourcecode.swift; path = BluetoothManager.swift; sourceTree = "<group>"; };
		1452261E206D634500AE5225 /* MeasurementSaver.swift */ = {isa = PBXFileReference; lastKnownFileType = sourcecode.swift; path = MeasurementSaver.swift; sourceTree = "<group>"; };
/* End PBXFileReference section */

/* Begin PBXFrameworksBuildPhase section */
		14117B5C202CC12000D1DE58 /* Frameworks */ = {
			isa = PBXFrameworksBuildPhase;
			buildActionMask = 2147483647;
			files = (
			);
			runOnlyForDeploymentPostprocessing = 0;
		};
/* End PBXFrameworksBuildPhase section */

/* Begin PBXGroup section */
		14117B56202CC12000D1DE58 = {
			isa = PBXGroup;
			children = (
				14117B61202CC12000D1DE58 /* Watchband */,
				14117B60202CC12000D1DE58 /* Products */,
			);
			sourceTree = "<group>";
		};
		14117B60202CC12000D1DE58 /* Products */ = {
			isa = PBXGroup;
			children = (
				14117B5F202CC12000D1DE58 /* Watchband.app */,
			);
			name = Products;
			sourceTree = "<group>";
		};
		14117B61202CC12000D1DE58 /* Watchband */ = {
			isa = PBXGroup;
			children = (
				14117B74202CC13200D1DE58 /* BluetoothManager.swift */,
				14117B62202CC12000D1DE58 /* AppDelegate.swift */,
				14117B64202CC12000D1DE58 /* ViewController.swift */,
				14117B66202CC12000D1DE58 /* Main.storyboard */,
				14117B69202CC12000D1DE58 /* Assets.xcassets */,
				14117B6B202CC12000D1DE58 /* LaunchScreen.storyboard */,
				14117B6E202CC12000D1DE58 /* Info.plist */,
				1452261E206D634500AE5225 /* MeasurementSaver.swift */,
			);
			path = Watchband;
			sourceTree = "<group>";
		};
/* End PBXGroup section */

/* Begin PBXNativeTarget section */
		14117B5E202CC12000D1DE58 /* Watchband */ = {
			isa = PBXNativeTarget;
			buildConfigurationList = 14117B71202CC12000D1DE58 /* Build configuration list for PBXNativeTarget "Watchband" */;
			buildPhases = (
				14117B5B202CC12000D1DE58 /* Sources */,
				14117B5C202CC12000D1DE58 /* Frameworks */,
				14117B5D202CC12000D1DE58 /* Resources */,
			);
			buildRules = (
			);
			dependencies = (
			);
			name = Watchband;
			productName = Watchband;
			productReference = 14117B5F202CC12000D1DE58 /* Watchband.app */;
			productType = "com.apple.product-type.application";
		};
/* End PBXNativeTarget section */

/* Begin PBXProject section */
		14117B57202CC12000D1DE58 /* Project object */ = {
			isa = PBXProject;
			attributes = {
				LastSwiftUpdateCheck = 0920;
				LastUpgradeCheck = 0920;
				ORGANIZATIONNAME = "Xuannan Su";
				TargetAttributes = {
					14117B5E202CC12000D1DE58 = {
						CreatedOnToolsVersion = 9.2;
						ProvisioningStyle = Automatic;
					};
				};
			};
			buildConfigurationList = 14117B5A202CC12000D1DE58 /* Build configuration list for PBXProject "Watchband" */;
			compatibilityVersion = "Xcode 8.0";
			developmentRegion = en;
			hasScannedForEncodings = 0;
			knownRegions = (
				en,
				Base,
			);
			mainGroup = 14117B56202CC12000D1DE58;
			productRefGroup = 14117B60202CC12000D1DE58 /* Products */;
			projectDirPath = "";
			projectRoot = "";
			targets = (
				14117B5E202CC12000D1DE58 /* Watchband */,
			);
		};
/* End PBXProject section */

/* Begin PBXResourcesBuildPhase section */
		14117B5D202CC12000D1DE58 /* Resources */ = {
			isa = PBXResourcesBuildPhase;
			buildActionMask = 2147483647;
			files = (
				14117B6D202CC12000D1DE58 /* LaunchScreen.storyboard in Resources */,
				14117B6A202CC12000D1DE58 /* Assets.xcassets in Resources */,
				14117B68202CC12000D1DE58 /* Main.storyboard in Resources */,
			);
			runOnlyForDeploymentPostprocessing = 0;
		};
/* End PBXResourcesBuildPhase section */

/* Begin PBXSourcesBuildPhase section */
		14117B5B202CC12000D1DE58 /* Sources */ = {
			isa = PBXSourcesBuildPhase;
			buildActionMask = 2147483647;
			files = (
				1452261F206D634500AE5225 /* MeasurementSaver.swift in Sources */,
				14117B65202CC12000D1DE58 /* ViewController.swift in Sources */,
				14117B75202CC13200D1DE58 /* BluetoothManager.swift in Sources */,
				14117B63202CC12000D1DE58 /* AppDelegate.swift in Sources */,
			);
			runOnlyForDeploymentPostprocessing = 0;
		};
/* End PBXSourcesBuildPhase section */

/* Begin PBXVariantGroup section */
		14117B66202CC12000D1DE58 /* Main.storyboard */ = {
			isa = PBXVariantGroup;
			children = (
				14117B67202CC12000D1DE58 /* Base */,
			);
			name = Main.storyboard;
			sourceTree = "<group>";
		};
		14117B6B202CC12000D1DE58 /* LaunchScreen.storyboard */ = {
			isa = PBXVariantGroup;
			children = (
				14117B6C202CC12000D1DE58 /* Base */,
			);
			name = LaunchScreen.storyboard;
			sourceTree = "<group>";
		};
/* End PBXVariantGroup section */

/* Begin XCBuildConfiguration section */
		14117B6F202CC12000D1DE58 /* Debug */ = {
			isa = XCBuildConfiguration;
			buildSettings = {
				ALWAYS_SEARCH_USER_PATHS = NO;
				CLANG_ANALYZER_NONNULL = YES;
				CLANG_ANALYZER_NUMBER_OBJECT_CONVERSION = YES_AGGRESSIVE;
				CLANG_CXX_LANGUAGE_STANDARD = "gnu++14";
				CLANG_CXX_LIBRARY = "libc++";
				CLANG_ENABLE_MODULES = YES;
				CLANG_ENABLE_OBJC_ARC = YES;
				CLANG_WARN_BLOCK_CAPTURE_AUTORELEASING = YES;
				CLANG_WARN_BOOL_CONVERSION = YES;
				CLANG_WARN_COMMA = YES;
				CLANG_WARN_CONSTANT_CONVERSION = YES;
				CLANG_WARN_DIRECT_OBJC_ISA_USAGE = YES_ERROR;
				CLANG_WARN_DOCUMENTATION_COMMENTS = YES;
				CLANG_WARN_EMPTY_BODY = YES;
				CLANG_WARN_ENUM_CONVERSION = YES;
				CLANG_WARN_INFINITE_RECURSION = YES;
				CLANG_WARN_INT_CONVERSION = YES;
				CLANG_WARN_NON_LITERAL_NULL_CONVERSION = YES;
				CLANG_WARN_OBJC_LITERAL_CONVERSION = YES;
				CLANG_WARN_OBJC_ROOT_CLASS = YES_ERROR;
				CLANG_WARN_RANGE_LOOP_ANALYSIS = YES;
				CLANG_WARN_STRICT_PROTOTYPES = YES;
				CLANG_WARN_SUSPICIOUS_MOVE = YES;
				CLANG_WARN_UNGUARDED_AVAILABILITY = YES_AGGRESSIVE;
				CLANG_WARN_UNREACHABLE_CODE = YES;
				CLANG_WARN__DUPLICATE_METHOD_MATCH = YES;
				CODE_SIGN_IDENTITY = "iPhone Developer";
				COPY_PHASE_STRIP = NO;
				DEBUG_INFORMATION_FORMAT = dwarf;
				ENABLE_STRICT_OBJC_MSGSEND = YES;
				ENABLE_TESTABILITY = YES;
				GCC_C_LANGUAGE_STANDARD = gnu11;
				GCC_DYNAMIC_NO_PIC = NO;
				GCC_NO_COMMON_BLOCKS = YES;
				GCC_OPTIMIZATION_LEVEL = 0;
				GCC_PREPROCESSOR_DEFINITIONS = (
					"DEBUG=1",
					"$(inherited)",
				);
				GCC_WARN_64_TO_32_BIT_CONVERSION = YES;
				GCC_WARN_ABOUT_RETURN_TYPE = YES_ERROR;
				GCC_WARN_UNDECLARED_SELECTOR = YES;
				GCC_WARN_UNINITIALIZED_AUTOS = YES_AGGRESSIVE;
				GCC_WARN_UNUSED_FUNCTION = YES;
				GCC_WARN_UNUSED_VARIABLE = YES;
				IPHONEOS_DEPLOYMENT_TARGET = 11.2;
				MTL_ENABLE_DEBUG_INFO = YES;
				ONLY_ACTIVE_ARCH = YES;
				SDKROOT = iphoneos;
				SWIFT_ACTIVE_COMPILATION_CONDITIONS = DEBUG;
				SWIFT_OPTIMIZATION_LEVEL = "-Onone";
			};
			name = Debug;
		};
		14117B70202CC12000D1DE58 /* Release */ = {
			isa = XCBuildConfiguration;
			buildSettings = {
				ALWAYS_SEARCH_USER_PATHS = NO;
				CLANG_ANALYZER_NONNULL = YES;
				CLANG_ANALYZER_NUMBER_OBJECT_CONVERSION = YES_AGGRESSIVE;
				CLANG_CXX_LANGUAGE_STANDARD = "gnu++14";
				CLANG_CXX_LIBRARY = "libc++";
				CLANG_ENABLE_MODULES = YES;
				CLANG_ENABLE_OBJC_ARC = YES;
				CLANG_WARN_BLOCK_CAPTURE_AUTORELEASING = YES;
				CLANG_WARN_BOOL_CONVERSION = YES;
				CLANG_WARN_COMMA = YES;
				CLANG_WARN_CONSTANT_CONVERSION = YES;
				CLANG_WARN_DIRECT_OBJC_ISA_USAGE = YES_ERROR;
				CLANG_WARN_DOCUMENTATION_COMMENTS = YES;
				CLANG_WARN_EMPTY_BODY = YES;
				CLANG_WARN_ENUM_CONVERSION = YES;
				CLANG_WARN_INFINITE_RECURSION = YES;
				CLANG_WARN_INT_CONVERSION = YES;
				CLANG_WARN_NON_LITERAL_NULL_CONVERSION = YES;
				CLANG_WARN_OBJC_LITERAL_CONVERSION = YES;
				CLANG_WARN_OBJC_ROOT_CLASS = YES_ERROR;
				CLANG_WARN_RANGE_LOOP_ANALYSIS = YES;
				CLANG_WARN_STRICT_PROTOTYPES = YES;
				CLANG_WARN_SUSPICIOUS_MOVE = YES;
				CLANG_WARN_UNGUARDED_AVAILABILITY = YES_AGGRESSIVE;
				CLANG_WARN_UNREACHABLE_CODE = YES;
				CLANG_WARN__DUPLICATE_METHOD_MATCH = YES;
				CODE_SIGN_IDENTITY = "iPhone Developer";
				COPY_PHASE_STRIP = NO;
				DEBUG_INFORMATION_FORMAT = "dwarf-with-dsym";
				ENABLE_NS_ASSERTIONS = NO;
				ENABLE_STRICT_OBJC_MSGSEND = YES;
				GCC_C_LANGUAGE_STANDARD = gnu11;
				GCC_NO_COMMON_BLOCKS = YES;
				GCC_WARN_64_TO_32_BIT_CONVERSION = YES;
				GCC_WARN_ABOUT_RETURN_TYPE = YES_ERROR;
				GCC_WARN_UNDECLARED_SELECTOR = YES;
				GCC_WARN_UNINITIALIZED_AUTOS = YES_AGGRESSIVE;
				GCC_WARN_UNUSED_FUNCTION = YES;
				GCC_WARN_UNUSED_VARIABLE = YES;
				IPHONEOS_DEPLOYMENT_TARGET = 11.2;
				MTL_ENABLE_DEBUG_INFO = NO;
				SDKROOT = iphoneos;
				SWIFT_OPTIMIZATION_LEVEL = "-Owholemodule";
				VALIDATE_PRODUCT = YES;
			};
			name = Release;
		};
		14117B72202CC12000D1DE58 /* Debug */ = {
			isa = XCBuildConfiguration;
			buildSettings = {
				ASSETCATALOG_COMPILER_APPICON_NAME = AppIcon;
				CODE_SIGN_STYLE = Automatic;
				DEVELOPMENT_TEAM = 432VH66KEM;
				INFOPLIST_FILE = Watchband/Info.plist;
				LD_RUNPATH_SEARCH_PATHS = "$(inherited) @executable_path/Frameworks";
				PRODUCT_BUNDLE_IDENTIFIER = Xuannan.Watchband;
				PRODUCT_NAME = "$(TARGET_NAME)";
				SWIFT_VERSION = 4.0;
				TARGETED_DEVICE_FAMILY = "1,2";
			};
			name = Debug;
		};
		14117B73202CC12000D1DE58 /* Release */ = {
			isa = XCBuildConfiguration;
			buildSettings = {
				ASSETCATALOG_COMPILER_APPICON_NAME = AppIcon;
				CODE_SIGN_STYLE = Automatic;
				DEVELOPMENT_TEAM = 432VH66KEM;
				INFOPLIST_FILE = Watchband/Info.plist;
				LD_RUNPATH_SEARCH_PATHS = "$(inherited) @executable_path/Frameworks";
				PRODUCT_BUNDLE_IDENTIFIER = Xuannan.Watchband;
				PRODUCT_NAME = "$(TARGET_NAME)";
				SWIFT_VERSION = 4.0;
				TARGETED_DEVICE_FAMILY = "1,2";
			};
			name = Release;
		};
/* End XCBuildConfiguration section */

/* Begin XCConfigurationList section */
		14117B5A202CC12000D1DE58 /* Build configuration list for PBXProject "Watchband" */ = {
			isa = XCConfigurationList;
			buildConfigurations = (
				14117B6F202CC12000D1DE58 /* Debug */,
				14117B70202CC12000D1DE58 /* Release */,
			);
			defaultConfigurationIsVisible = 0;
			defaultConfigurationName = Release;
		};
		14117B71202CC12000D1DE58 /* Build configuration list for PBXNativeTarget "Watchband" */ = {
			isa = XCConfigurationList;
			buildConfigurations = (
				14117B72202CC12000D1DE58 /* Debug */,
				14117B73202CC12000D1DE58 /* Release */,
			);
			defaultConfigurationIsVisible = 0;
			defaultConfigurationName = Release;
		};
/* End XCConfigurationList section */
	};
	rootObject = 14117B57202CC12000D1DE58 /* Project object */;
}
